
Microsoft Visual Studio Solution File, Format Version 12.00
# Visual Studio 2017
Project("{FAE04EC0-301F-11D3-BF4B-00C04F79EFBC}") = "Ch29-Mission-Demolition", "Ch29-Mission-Demolition.csproj", "{B45DAD34-50B6-7FA9-B056-7C10C3CE72AF}"
EndProject
Global
	GlobalSection(SolutionConfigurationPlatforms) = preSolution
		Debug|Any CPU = Debug|Any CPU
		Release|Any CPU = Release|Any CPU
	EndGlobalSection
	GlobalSection(ProjectConfigurationPlatforms) = postSolution
		{B45DAD34-50B6-7FA9-B056-7C10C3CE72AF}.Debug|Any CPU.ActiveCfg = Debug|Any CPU
		{B45DAD34-50B6-7FA9-B056-7C10C3CE72AF}.Debug|Any CPU.Build.0 = Debug|Any CPU
		{B45DAD34-50B6-7FA9-B056-7C10C3CE72AF}.Release|Any CPU.ActiveCfg = Release|Any CPU
		{B45DAD34-50B6-7FA9-B056-7C10C3CE72AF}.Release|Any CPU.Build.0 = Release|Any CPU
	EndGlobalSection
	GlobalSection(SolutionProperties) = preSolution
		HideSolutionNode = FALSE
	EndGlobalSection
EndGlobal
